
Microsoft Visual Studio Solution File, Format Version 12.00
# Visual Studio Version 16
VisualStudioVersion = 16.0.33328.57
MinimumVisualStudioVersion = 10.0.40219.1
Project("{FAE04EC0-301F-11D3-BF4B-00C04F79EFBC}") = "TaskAPI", "TaskAPI\TaskAPI.csproj", "{73D41F86-D8B0-461C-9F21-F8CEDFE57FC8}"
EndProject
Global
	GlobalSection(SolutionConfigurationPlatforms) = preSolution
		Debug|Any CPU = Debug|Any CPU
		Release|Any CPU = Release|Any CPU
	EndGlobalSection
	GlobalSection(ProjectConfigurationPlatforms) = postSolution
		{73D41F86-D8B0-461C-9F21-F8CEDFE57FC8}.Debug|Any CPU.ActiveCfg = Debug|Any CPU
		{73D41F86-D8B0-461C-9F21-F8CEDFE57FC8}.Debug|Any CPU.Build.0 = Debug|Any CPU
		{73D41F86-D8B0-461C-9F21-F8CEDFE57FC8}.Release|Any CPU.ActiveCfg = Release|Any CPU
		{73D41F86-D8B0-461C-9F21-F8CEDFE57FC8}.Release|Any CPU.Build.0 = Release|Any CPU
	EndGlobalSection
	GlobalSection(SolutionProperties) = preSolution
		HideSolutionNode = FALSE
	EndGlobalSection
	GlobalSection(ExtensibilityGlobals) = postSolution
		SolutionGuid = {58F2B0BB-E4B5-48A3-922B-8847E2234F7C}
	EndGlobalSection
EndGlobal
